
Microsoft Visual Studio Solution File, Format Version 12.00
# Visual Studio Version 16
VisualStudioVersion = 16.0.29806.167
MinimumVisualStudioVersion = 10.0.40219.1
Project("{9A19103F-16F7-4668-BE54-9A1E7A4F7556}") = "DataStructure", "DataStructure\DataStructure.csproj", "{CD3F3419-2368-4234-959C-1F2119A01290}"
EndProject
Project("{9A19103F-16F7-4668-BE54-9A1E7A4F7556}") = "DataStructure.Tests", "DataStructureTests\DataStructure.Tests.csproj", "{5C01269D-45FA-4EF3-B64B-21F0B3D617ED}"
EndProject
Project("{FAE04EC0-301F-11D3-BF4B-00C04F79EFBC}") = "TestConsole", "TestConsole\TestConsole.csproj", "{55F495BB-B966-418C-AD51-8A90BE05DEAD}"
EndProject
Global
	GlobalSection(SolutionConfigurationPlatforms) = preSolution
		Debug|Any CPU = Debug|Any CPU
		Release|Any CPU = Release|Any CPU
	EndGlobalSection
	GlobalSection(ProjectConfigurationPlatforms) = postSolution
		{CD3F3419-2368-4234-959C-1F2119A01290}.Debug|Any CPU.ActiveCfg = Debug|Any CPU
		{CD3F3419-2368-4234-959C-1F2119A01290}.Debug|Any CPU.Build.0 = Debug|Any CPU
		{CD3F3419-2368-4234-959C-1F2119A01290}.Release|Any CPU.ActiveCfg = Release|Any CPU
		{CD3F3419-2368-4234-959C-1F2119A01290}.Release|Any CPU.Build.0 = Release|Any CPU
		{5C01269D-45FA-4EF3-B64B-21F0B3D617ED}.Debug|Any CPU.ActiveCfg = Debug|Any CPU
		{5C01269D-45FA-4EF3-B64B-21F0B3D617ED}.Debug|Any CPU.Build.0 = Debug|Any CPU
		{5C01269D-45FA-4EF3-B64B-21F0B3D617ED}.Release|Any CPU.ActiveCfg = Release|Any CPU
		{5C01269D-45FA-4EF3-B64B-21F0B3D617ED}.Release|Any CPU.Build.0 = Release|Any CPU
		{55F495BB-B966-418C-AD51-8A90BE05DEAD}.Debug|Any CPU.ActiveCfg = Debug|Any CPU
		{55F495BB-B966-418C-AD51-8A90BE05DEAD}.Debug|Any CPU.Build.0 = Debug|Any CPU
		{55F495BB-B966-418C-AD51-8A90BE05DEAD}.Release|Any CPU.ActiveCfg = Release|Any CPU
		{55F495BB-B966-418C-AD51-8A90BE05DEAD}.Release|Any CPU.Build.0 = Release|Any CPU
	EndGlobalSection
	GlobalSection(SolutionProperties) = preSolution
		HideSolutionNode = FALSE
	EndGlobalSection
	GlobalSection(ExtensibilityGlobals) = postSolution
		SolutionGuid = {35569E80-B181-4BAD-97EC-4C9E04DCAEDB}
	EndGlobalSection
EndGlobal
